
Microsoft Visual Studio Solution File, Format Version 12.00
# Visual Studio Version 17
VisualStudioVersion = 17.4.33110.190
MinimumVisualStudioVersion = 10.0.40219.1
Project("{2150E333-8FDC-42A3-9474-1A3956D46DE8}") = "FrontEnd", "FrontEnd", "{85DF3075-D5BB-463B-9B0E-2E049D608B10}"
EndProject
Project("{2150E333-8FDC-42A3-9474-1A3956D46DE8}") = "Gateway", "Gateway", "{42462278-45BD-407A-BA1D-06C900786825}"
EndProject
Project("{2150E333-8FDC-42A3-9474-1A3956D46DE8}") = "Services", "Services", "{5FE6BB50-0382-4A04-81FA-8049DB0CAC58}"
EndProject
Project("{2150E333-8FDC-42A3-9474-1A3956D46DE8}") = "Integration", "Integration", "{768496FF-B84C-44F3-B8F2-22B9C49A5F51}"
EndProject
Project("{9A19103F-16F7-4668-BE54-9A1E7A4F7556}") = "Mango.Services.CouponAPI", "Mango.Services.CouponAPI\Mango.Services.CouponAPI.csproj", "{D54BF3B1-DAD3-42AB-8017-70B55DC35A69}"
EndProject
Project("{9A19103F-16F7-4668-BE54-9A1E7A4F7556}") = "Mango.Web", "Mango.Web\Mango.Web.csproj", "{FC706F00-70A3-4F46-9186-33A8EDA92C4E}"
EndProject
Project("{9A19103F-16F7-4668-BE54-9A1E7A4F7556}") = "Mango.Services.AuthAPI", "Mango.Services.AuthAPI\Mango.Services.AuthAPI.csproj", "{33B91AF7-A068-4AB5-BF88-A87DBB2BFEB6}"
EndProject
Project("{9A19103F-16F7-4668-BE54-9A1E7A4F7556}") = "Mango.Services.ProductAPI", "Mango.Services.ProductAPI\Mango.Services.ProductAPI.csproj", "{24489678-0B25-4C36-8ACB-6BF2C7B9C040}"
EndProject
Project("{9A19103F-16F7-4668-BE54-9A1E7A4F7556}") = "Mango.Services.ShoppingCartAPI", "Mango.Service.ShoppingCartAPI\Mango.Services.ShoppingCartAPI.csproj", "{C89EA9FA-B019-44D1-A724-9E7D475B7FB5}"
EndProject
Project("{9A19103F-16F7-4668-BE54-9A1E7A4F7556}") = "Mango.MessageBus", "Mango.MessageBus\Mango.MessageBus.csproj", "{D7513A16-9125-4FC8-8D8A-80BA7FBDBAB4}"
EndProject
Project("{9A19103F-16F7-4668-BE54-9A1E7A4F7556}") = "Mango.Services.EmailAPI", "Mango.Services.EmailAPI\Mango.Services.EmailAPI.csproj", "{DC6C1622-1F23-49F0-945C-71FB6E67B66C}"
EndProject
Project("{9A19103F-16F7-4668-BE54-9A1E7A4F7556}") = "Mango.Services.OrderAPI", "Mango.Services.OrderAPI\Mango.Services.OrderAPI.csproj", "{686D323E-3D57-463C-BF15-0D633C773DB1}"
EndProject
Project("{9A19103F-16F7-4668-BE54-9A1E7A4F7556}") = "Mango.Services.RewardAPI", "Mango.Services.RewardAPI\Mango.Services.RewardAPI.csproj", "{3D005D68-8774-4F54-989E-6A13AB44E71E}"
EndProject
Project("{FAE04EC0-301F-11D3-BF4B-00C04F79EFBC}") = "Mango.GatewaySolution", "Mango.GatewaySolution\Mango.GatewaySolution.csproj", "{C1D4EF01-5BDD-4AD2-A7E3-168EB3429E8F}"
EndProject
Global
	GlobalSection(SolutionConfigurationPlatforms) = preSolution
		Debug|Any CPU = Debug|Any CPU
		Release|Any CPU = Release|Any CPU
	EndGlobalSection
	GlobalSection(ProjectConfigurationPlatforms) = postSolution
		{D54BF3B1-DAD3-42AB-8017-70B55DC35A69}.Debug|Any CPU.ActiveCfg = Debug|Any CPU
		{D54BF3B1-DAD3-42AB-8017-70B55DC35A69}.Debug|Any CPU.Build.0 = Debug|Any CPU
		{D54BF3B1-DAD3-42AB-8017-70B55DC35A69}.Release|Any CPU.ActiveCfg = Release|Any CPU
		{D54BF3B1-DAD3-42AB-8017-70B55DC35A69}.Release|Any CPU.Build.0 = Release|Any CPU
		{FC706F00-70A3-4F46-9186-33A8EDA92C4E}.Debug|Any CPU.ActiveCfg = Debug|Any CPU
		{FC706F00-70A3-4F46-9186-33A8EDA92C4E}.Debug|Any CPU.Build.0 = Debug|Any CPU
		{FC706F00-70A3-4F46-9186-33A8EDA92C4E}.Release|Any CPU.ActiveCfg = Release|Any CPU
		{FC706F00-70A3-4F46-9186-33A8EDA92C4E}.Release|Any CPU.Build.0 = Release|Any CPU
		{33B91AF7-A068-4AB5-BF88-A87DBB2BFEB6}.Debug|Any CPU.ActiveCfg = Debug|Any CPU
		{33B91AF7-A068-4AB5-BF88-A87DBB2BFEB6}.Debug|Any CPU.Build.0 = Debug|Any CPU
		{33B91AF7-A068-4AB5-BF88-A87DBB2BFEB6}.Release|Any CPU.ActiveCfg = Release|Any CPU
		{33B91AF7-A068-4AB5-BF88-A87DBB2BFEB6}.Release|Any CPU.Build.0 = Release|Any CPU
		{24489678-0B25-4C36-8ACB-6BF2C7B9C040}.Debug|Any CPU.ActiveCfg = Debug|Any CPU
		{24489678-0B25-4C36-8ACB-6BF2C7B9C040}.Debug|Any CPU.Build.0 = Debug|Any CPU
		{24489678-0B25-4C36-8ACB-6BF2C7B9C040}.Release|Any CPU.ActiveCfg = Release|Any CPU
		{24489678-0B25-4C36-8ACB-6BF2C7B9C040}.Release|Any CPU.Build.0 = Release|Any CPU
		{C89EA9FA-B019-44D1-A724-9E7D475B7FB5}.Debug|Any CPU.ActiveCfg = Debug|Any CPU
		{C89EA9FA-B019-44D1-A724-9E7D475B7FB5}.Debug|Any CPU.Build.0 = Debug|Any CPU
		{C89EA9FA-B019-44D1-A724-9E7D475B7FB5}.Release|Any CPU.ActiveCfg = Release|Any CPU
		{C89EA9FA-B019-44D1-A724-9E7D475B7FB5}.Release|Any CPU.Build.0 = Release|Any CPU
		{D7513A16-9125-4FC8-8D8A-80BA7FBDBAB4}.Debug|Any CPU.ActiveCfg = Debug|Any CPU
		{D7513A16-9125-4FC8-8D8A-80BA7FBDBAB4}.Debug|Any CPU.Build.0 = Debug|Any CPU
		{D7513A16-9125-4FC8-8D8A-80BA7FBDBAB4}.Release|Any CPU.ActiveCfg = Release|Any CPU
		{D7513A16-9125-4FC8-8D8A-80BA7FBDBAB4}.Release|Any CPU.Build.0 = Release|Any CPU
		{DC6C1622-1F23-49F0-945C-71FB6E67B66C}.Debug|Any CPU.ActiveCfg = Debug|Any CPU
		{DC6C1622-1F23-49F0-945C-71FB6E67B66C}.Debug|Any CPU.Build.0 = Debug|Any CPU
		{DC6C1622-1F23-49F0-945C-71FB6E67B66C}.Release|Any CPU.ActiveCfg = Release|Any CPU
		{DC6C1622-1F23-49F0-945C-71FB6E67B66C}.Release|Any CPU.Build.0 = Release|Any CPU
		{686D323E-3D57-463C-BF15-0D633C773DB1}.Debug|Any CPU.ActiveCfg = Debug|Any CPU
		{686D323E-3D57-463C-BF15-0D633C773DB1}.Debug|Any CPU.Build.0 = Debug|Any CPU
		{686D323E-3D57-463C-BF15-0D633C773DB1}.Release|Any CPU.ActiveCfg = Release|Any CPU
		{686D323E-3D57-463C-BF15-0D633C773DB1}.Release|Any CPU.Build.0 = Release|Any CPU
		{3D005D68-8774-4F54-989E-6A13AB44E71E}.Debug|Any CPU.ActiveCfg = Debug|Any CPU
		{3D005D68-8774-4F54-989E-6A13AB44E71E}.Debug|Any CPU.Build.0 = Debug|Any CPU
		{3D005D68-8774-4F54-989E-6A13AB44E71E}.Release|Any CPU.ActiveCfg = Release|Any CPU
		{3D005D68-8774-4F54-989E-6A13AB44E71E}.Release|Any CPU.Build.0 = Release|Any CPU
		{C1D4EF01-5BDD-4AD2-A7E3-168EB3429E8F}.Debug|Any CPU.ActiveCfg = Debug|Any CPU
		{C1D4EF01-5BDD-4AD2-A7E3-168EB3429E8F}.Debug|Any CPU.Build.0 = Debug|Any CPU
		{C1D4EF01-5BDD-4AD2-A7E3-168EB3429E8F}.Release|Any CPU.ActiveCfg = Release|Any CPU
		{C1D4EF01-5BDD-4AD2-A7E3-168EB3429E8F}.Release|Any CPU.Build.0 = Release|Any CPU
	EndGlobalSection
	GlobalSection(SolutionProperties) = preSolution
		HideSolutionNode = FALSE
	EndGlobalSection
	GlobalSection(NestedProjects) = preSolution
		{D54BF3B1-DAD3-42AB-8017-70B55DC35A69} = {5FE6BB50-0382-4A04-81FA-8049DB0CAC58}
		{FC706F00-70A3-4F46-9186-33A8EDA92C4E} = {85DF3075-D5BB-463B-9B0E-2E049D608B10}
		{33B91AF7-A068-4AB5-BF88-A87DBB2BFEB6} = {5FE6BB50-0382-4A04-81FA-8049DB0CAC58}
		{24489678-0B25-4C36-8ACB-6BF2C7B9C040} = {5FE6BB50-0382-4A04-81FA-8049DB0CAC58}
		{C89EA9FA-B019-44D1-A724-9E7D475B7FB5} = {5FE6BB50-0382-4A04-81FA-8049DB0CAC58}
		{D7513A16-9125-4FC8-8D8A-80BA7FBDBAB4} = {768496FF-B84C-44F3-B8F2-22B9C49A5F51}
		{DC6C1622-1F23-49F0-945C-71FB6E67B66C} = {5FE6BB50-0382-4A04-81FA-8049DB0CAC58}
		{686D323E-3D57-463C-BF15-0D633C773DB1} = {5FE6BB50-0382-4A04-81FA-8049DB0CAC58}
		{3D005D68-8774-4F54-989E-6A13AB44E71E} = {5FE6BB50-0382-4A04-81FA-8049DB0CAC58}
		{C1D4EF01-5BDD-4AD2-A7E3-168EB3429E8F} = {42462278-45BD-407A-BA1D-06C900786825}
	EndGlobalSection
	GlobalSection(ExtensibilityGlobals) = postSolution
		SolutionGuid = {576A416D-0740-4A45-98DB-B94710CE68A5}
	EndGlobalSection
EndGlobal
